unit Unit1;

{$mode objfpc}{$H+}

interface

uses
  Classes, SysUtils, FileUtil, Forms, Controls, Graphics, Dialogs, StdCtrls,Pilasarreglos,Tipos;

type

  { TForm1 }

  TForm1 = class(TForm)
    Calcula_expresion: TButton;
    expre: TEdit;
    procedure Calcula_expresionClick(Sender: TObject);
    procedure FormCreate(Sender: TObject);
  private
    { private declarations }
  public
    { public declarations }
  end;

var
  Form1: TForm1;
  Pileva:pila;

implementation

{$R *.lfm}


{ TForm1 }
function eval(s:string; pil:pila):boolean;
var
 i:integer;
 op:char;
 x,y:tipoelemento;
begin
  eval:=false;
  for i:=1 to length(s) do
    begin
      op:= s[i];
      x.DS:=s[i];
      case op of
        '(': pil.Apilar(x);
        ')':
             begin
               if not pil.Esvacia() then
                  begin
                       pil.Recuperartope(y);
                       if y.DS= '('then
                          pil.Desapilar()
                       else
                           pil.Apilar(x);
                  end
               else
                   pil.apilar(x);
             end;
        '[': pil.Apilar(x);
        ']':
             begin
               if not pil.Esvacia() then
                  begin
                       pil.Recuperartope(y);
                       if y.DS= '['then
                          pil.Desapilar()
                       else
                           pil.Apilar(x);
                  end
               else
                   pil.apilar(x);
             end;
        '{': pil.Apilar(x);
        '}':
             begin
               if not pil.Esvacia() then
                  begin
                       pil.Recuperartope(y);
                       if y.DS= '{'then
                          pil.Desapilar()
                       else
                           pil.Apilar(x);
                  end
               else
                   pil.apilar(x);
             end;
      end;
    end;
  if pil.Esvacia() then
    eval:=true;
 end;

procedure TForm1.Calcula_expresionClick(Sender: TObject);
var
  s:string;
begin
  s:= form1.expre.Text;
  if eval(s, Pileva) then
  showmessage('expresion valida')
  else
  showmessage('expresion no valida')
end;

procedure TForm1.FormCreate(Sender: TObject);
begin
  Pileva.Crearvacia;
end;

end.
